
Microsoft Visual Studio Solution File, Format Version 12.00
# Visual Studio Version 16
VisualStudioVersion = 16.0.33927.289
MinimumVisualStudioVersion = 10.0.40219.1
Project("{2150E333-8FDC-42A3-9474-1A3956D46DE8}") = "Task0", "Task0", "{4D6DEA76-4427-4B43-A7FB-5D7DD6291026}"
EndProject
Project("{FAE04EC0-301F-11D3-BF4B-00C04F79EFBC}") = "Tyuiu.KarpovAA.Sprint4.Task0.V1", "Tyuiu.KarpovAA.Sprint4.Task0.V1\Tyuiu.KarpovAA.Sprint4.Task0.V1.csproj", "{A8AC928D-A62B-4D7B-AD22-6AA6AA86AA25}"
EndProject
Project("{FAE04EC0-301F-11D3-BF4B-00C04F79EFBC}") = "Tyuiu.KarpovAA.Sprint4.Task0.V1.Lib", "Tyuiu.KarpovAA.Sprint4.Task0.V1.Lib\Tyuiu.KarpovAA.Sprint4.Task0.V1.Lib.csproj", "{5583EBC6-CB75-4F1E-857C-6FB68E13B62E}"
EndProject
Project("{FAE04EC0-301F-11D3-BF4B-00C04F79EFBC}") = "Tyuiu.KarpovAA.Sprint4.Task0.V1.Test", "Tyuiu.KarpovAA.Sprint4.Task0.V1.Test\Tyuiu.KarpovAA.Sprint4.Task0.V1.Test.csproj", "{55C02770-6E13-46AD-BB9A-99A5FE21FDC6}"
EndProject
Project("{2150E333-8FDC-42A3-9474-1A3956D46DE8}") = "Task1", "Task1", "{817AC458-E847-4772-A06A-948E35EE22C4}"
EndProject
Project("{FAE04EC0-301F-11D3-BF4B-00C04F79EFBC}") = "Tyuiu.KarpovAA.Sprint4.Task1.V19", "Tyuiu.KarpovAA.Sprint4.Task1.V19\Tyuiu.KarpovAA.Sprint4.Task1.V19.csproj", "{DD4927D4-DA40-475E-9439-5C932A43D7E5}"
EndProject
Project("{FAE04EC0-301F-11D3-BF4B-00C04F79EFBC}") = "Tyuiu.KarpovAA.Sprint4.Task1.V19.Lib", "Tyuiu.KarpovAA.Sprint4.Task1.V19.Lib\Tyuiu.KarpovAA.Sprint4.Task1.V19.Lib.csproj", "{6FA9E17A-F809-4E7E-B488-0488B59E4866}"
EndProject
Project("{FAE04EC0-301F-11D3-BF4B-00C04F79EFBC}") = "Tyuiu.KarpovAA.Sprint4.Task1.V19.Test", "Tyuiu.KarpovAA.Sprint4.Task1.V19.Test\Tyuiu.KarpovAA.Sprint4.Task1.V19.Test.csproj", "{B8FF1AAF-8292-4718-A9CE-32F1B2D47C11}"
EndProject
Project("{2150E333-8FDC-42A3-9474-1A3956D46DE8}") = "Task2", "Task2", "{65C2FD5C-D877-4AAC-A09E-131BF517FE8D}"
EndProject
Project("{FAE04EC0-301F-11D3-BF4B-00C04F79EFBC}") = "Tyuiu.KarpovAA.Sprint4.Task2.V16", "Tyuiu.KarpovAA.Sprint4.Task2.V16\Tyuiu.KarpovAA.Sprint4.Task2.V16.csproj", "{8D6AC080-51BA-480D-A40D-A1BC40FC7DB2}"
EndProject
Project("{FAE04EC0-301F-11D3-BF4B-00C04F79EFBC}") = "Tyuiu.KarpovAA.Sprint4.Task2.V16.Lib", "Tyuiu.KarpovAA.Sprint4.Task2.V16.Lib\Tyuiu.KarpovAA.Sprint4.Task2.V16.Lib.csproj", "{923DC303-9B47-4A68-A6D6-05774341EE4A}"
EndProject
Project("{FAE04EC0-301F-11D3-BF4B-00C04F79EFBC}") = "Tyuiu.KarpovAA.Sprint4.Task2.V16.Test", "Tyuiu.KarpovAA.Sprint4.Task2.V16.Test\Tyuiu.KarpovAA.Sprint4.Task2.V16.Test.csproj", "{84E105A8-B702-4C86-BC66-550FFCCCFF3C}"
EndProject
Project("{2150E333-8FDC-42A3-9474-1A3956D46DE8}") = "Task3", "Task3", "{617B89EE-28A7-441F-8D11-35B3E82EBCF7}"
EndProject
Project("{FAE04EC0-301F-11D3-BF4B-00C04F79EFBC}") = "Tyuiu.KarpovAA.Sprint4.Task3.V20", "Tyuiu.KarpovAA.Sprint4.Task3.V20\Tyuiu.KarpovAA.Sprint4.Task3.V20.csproj", "{EB187391-B1DE-4DFE-AC90-C7FDE5855A99}"
EndProject
Project("{FAE04EC0-301F-11D3-BF4B-00C04F79EFBC}") = "Tyuiu.KarpovAA.Sprint4.Task3.V20.Lib", "Tyuiu.KarpovAA.Sprint4.Task3.V20.Lib\Tyuiu.KarpovAA.Sprint4.Task3.V20.Lib.csproj", "{36602DB7-805D-4351-A1D5-6D3D4F63FD39}"
EndProject
Project("{FAE04EC0-301F-11D3-BF4B-00C04F79EFBC}") = "Tyuiu.KarpovAA.Sprint4.Task3.V20.Test", "Tyuiu.KarpovAA.Sprint4.Task3.V20.Test\Tyuiu.KarpovAA.Sprint4.Task3.V20.Test.csproj", "{B1CA077F-2EEE-4DC9-99DB-F1E0B55375E0}"
EndProject
Project("{2150E333-8FDC-42A3-9474-1A3956D46DE8}") = "Task4", "Task4", "{CF192A3A-990B-4C5C-9E7B-A495DC029504}"
EndProject
Project("{FAE04EC0-301F-11D3-BF4B-00C04F79EFBC}") = "Tyuiu.KarpovAA.Sprint4.Task4.V10", "Tyuiu.KarpovAA.Sprint4.Task4.V10\Tyuiu.KarpovAA.Sprint4.Task4.V10.csproj", "{90DDCE9E-567E-49F0-9118-BEEDB6CA2AFC}"
EndProject
Project("{FAE04EC0-301F-11D3-BF4B-00C04F79EFBC}") = "Tyuiu.KarpovAA.Sprint4.Task4.V10.Lib", "Tyuiu.KarpovAA.Sprint4.Task4.V10.Lib\Tyuiu.KarpovAA.Sprint4.Task4.V10.Lib.csproj", "{73215312-3C63-423F-82EA-6E1195F48474}"
EndProject
Project("{FAE04EC0-301F-11D3-BF4B-00C04F79EFBC}") = "Tyuiu.KarpovAA.Sprint4.Task4.V10.Test", "Tyuiu.KarpovAA.Sprint4.Task4.V10.Test\Tyuiu.KarpovAA.Sprint4.Task4.V10.Test.csproj", "{42F31A58-6868-45FF-9E4F-42C5F7355CCC}"
EndProject
Project("{2150E333-8FDC-42A3-9474-1A3956D46DE8}") = "Task5", "Task5", "{5D4DC5BF-12BD-497B-91AB-FEC19AED23B1}"
EndProject
Project("{FAE04EC0-301F-11D3-BF4B-00C04F79EFBC}") = "Tyuiu.KarpovAA.Sprint4.Task5.V11", "Tyuiu.KarpovAA.Sprint4.Task5.V11\Tyuiu.KarpovAA.Sprint4.Task5.V11.csproj", "{84EB10E1-91BD-4A4F-A7C0-C3C3D2FF1A75}"
EndProject
Project("{FAE04EC0-301F-11D3-BF4B-00C04F79EFBC}") = "Tyuiu.KarpovAA.Sprint4.Task5.V11.Lib", "Tyuiu.KarpovAA.Sprint4.Task5.V11.Lib\Tyuiu.KarpovAA.Sprint4.Task5.V11.Lib.csproj", "{4D405885-EB4F-4D76-94D7-DA6088FAEF26}"
EndProject
Project("{FAE04EC0-301F-11D3-BF4B-00C04F79EFBC}") = "Tyuiu.KarpovAA.Sprint4.Task5.V11.Test", "Tyuiu.KarpovAA.Sprint4.Task5.V11.Test\Tyuiu.KarpovAA.Sprint4.Task5.V11.Test.csproj", "{22DB2848-9B53-4CD0-ABBF-72EC20623E19}"
EndProject
Global
	GlobalSection(SolutionConfigurationPlatforms) = preSolution
		Debug|Any CPU = Debug|Any CPU
		Release|Any CPU = Release|Any CPU
	EndGlobalSection
	GlobalSection(ProjectConfigurationPlatforms) = postSolution
		{A8AC928D-A62B-4D7B-AD22-6AA6AA86AA25}.Debug|Any CPU.ActiveCfg = Debug|Any CPU
		{A8AC928D-A62B-4D7B-AD22-6AA6AA86AA25}.Debug|Any CPU.Build.0 = Debug|Any CPU
		{A8AC928D-A62B-4D7B-AD22-6AA6AA86AA25}.Release|Any CPU.ActiveCfg = Release|Any CPU
		{A8AC928D-A62B-4D7B-AD22-6AA6AA86AA25}.Release|Any CPU.Build.0 = Release|Any CPU
		{5583EBC6-CB75-4F1E-857C-6FB68E13B62E}.Debug|Any CPU.ActiveCfg = Debug|Any CPU
		{5583EBC6-CB75-4F1E-857C-6FB68E13B62E}.Debug|Any CPU.Build.0 = Debug|Any CPU
		{5583EBC6-CB75-4F1E-857C-6FB68E13B62E}.Release|Any CPU.ActiveCfg = Release|Any CPU
		{5583EBC6-CB75-4F1E-857C-6FB68E13B62E}.Release|Any CPU.Build.0 = Release|Any CPU
		{55C02770-6E13-46AD-BB9A-99A5FE21FDC6}.Debug|Any CPU.ActiveCfg = Debug|Any CPU
		{55C02770-6E13-46AD-BB9A-99A5FE21FDC6}.Debug|Any CPU.Build.0 = Debug|Any CPU
		{55C02770-6E13-46AD-BB9A-99A5FE21FDC6}.Release|Any CPU.ActiveCfg = Release|Any CPU
		{55C02770-6E13-46AD-BB9A-99A5FE21FDC6}.Release|Any CPU.Build.0 = Release|Any CPU
		{DD4927D4-DA40-475E-9439-5C932A43D7E5}.Debug|Any CPU.ActiveCfg = Debug|Any CPU
		{DD4927D4-DA40-475E-9439-5C932A43D7E5}.Debug|Any CPU.Build.0 = Debug|Any CPU
		{DD4927D4-DA40-475E-9439-5C932A43D7E5}.Release|Any CPU.ActiveCfg = Release|Any CPU
		{DD4927D4-DA40-475E-9439-5C932A43D7E5}.Release|Any CPU.Build.0 = Release|Any CPU
		{6FA9E17A-F809-4E7E-B488-0488B59E4866}.Debug|Any CPU.ActiveCfg = Debug|Any CPU
		{6FA9E17A-F809-4E7E-B488-0488B59E4866}.Debug|Any CPU.Build.0 = Debug|Any CPU
		{6FA9E17A-F809-4E7E-B488-0488B59E4866}.Release|Any CPU.ActiveCfg = Release|Any CPU
		{6FA9E17A-F809-4E7E-B488-0488B59E4866}.Release|Any CPU.Build.0 = Release|Any CPU
		{B8FF1AAF-8292-4718-A9CE-32F1B2D47C11}.Debug|Any CPU.ActiveCfg = Debug|Any CPU
		{B8FF1AAF-8292-4718-A9CE-32F1B2D47C11}.Debug|Any CPU.Build.0 = Debug|Any CPU
		{B8FF1AAF-8292-4718-A9CE-32F1B2D47C11}.Release|Any CPU.ActiveCfg = Release|Any CPU
		{B8FF1AAF-8292-4718-A9CE-32F1B2D47C11}.Release|Any CPU.Build.0 = Release|Any CPU
		{8D6AC080-51BA-480D-A40D-A1BC40FC7DB2}.Debug|Any CPU.ActiveCfg = Debug|Any CPU
		{8D6AC080-51BA-480D-A40D-A1BC40FC7DB2}.Debug|Any CPU.Build.0 = Debug|Any CPU
		{8D6AC080-51BA-480D-A40D-A1BC40FC7DB2}.Release|Any CPU.ActiveCfg = Release|Any CPU
		{8D6AC080-51BA-480D-A40D-A1BC40FC7DB2}.Release|Any CPU.Build.0 = Release|Any CPU
		{923DC303-9B47-4A68-A6D6-05774341EE4A}.Debug|Any CPU.ActiveCfg = Debug|Any CPU
		{923DC303-9B47-4A68-A6D6-05774341EE4A}.Debug|Any CPU.Build.0 = Debug|Any CPU
		{923DC303-9B47-4A68-A6D6-05774341EE4A}.Release|Any CPU.ActiveCfg = Release|Any CPU
		{923DC303-9B47-4A68-A6D6-05774341EE4A}.Release|Any CPU.Build.0 = Release|Any CPU
		{84E105A8-B702-4C86-BC66-550FFCCCFF3C}.Debug|Any CPU.ActiveCfg = Debug|Any CPU
		{84E105A8-B702-4C86-BC66-550FFCCCFF3C}.Debug|Any CPU.Build.0 = Debug|Any CPU
		{84E105A8-B702-4C86-BC66-550FFCCCFF3C}.Release|Any CPU.ActiveCfg = Release|Any CPU
		{84E105A8-B702-4C86-BC66-550FFCCCFF3C}.Release|Any CPU.Build.0 = Release|Any CPU
		{EB187391-B1DE-4DFE-AC90-C7FDE5855A99}.Debug|Any CPU.ActiveCfg = Debug|Any CPU
		{EB187391-B1DE-4DFE-AC90-C7FDE5855A99}.Debug|Any CPU.Build.0 = Debug|Any CPU
		{EB187391-B1DE-4DFE-AC90-C7FDE5855A99}.Release|Any CPU.ActiveCfg = Release|Any CPU
		{EB187391-B1DE-4DFE-AC90-C7FDE5855A99}.Release|Any CPU.Build.0 = Release|Any CPU
		{36602DB7-805D-4351-A1D5-6D3D4F63FD39}.Debug|Any CPU.ActiveCfg = Debug|Any CPU
		{36602DB7-805D-4351-A1D5-6D3D4F63FD39}.Debug|Any CPU.Build.0 = Debug|Any CPU
		{36602DB7-805D-4351-A1D5-6D3D4F63FD39}.Release|Any CPU.ActiveCfg = Release|Any CPU
		{36602DB7-805D-4351-A1D5-6D3D4F63FD39}.Release|Any CPU.Build.0 = Release|Any CPU
		{B1CA077F-2EEE-4DC9-99DB-F1E0B55375E0}.Debug|Any CPU.ActiveCfg = Debug|Any CPU
		{B1CA077F-2EEE-4DC9-99DB-F1E0B55375E0}.Debug|Any CPU.Build.0 = Debug|Any CPU
		{B1CA077F-2EEE-4DC9-99DB-F1E0B55375E0}.Release|Any CPU.ActiveCfg = Release|Any CPU
		{B1CA077F-2EEE-4DC9-99DB-F1E0B55375E0}.Release|Any CPU.Build.0 = Release|Any CPU
		{90DDCE9E-567E-49F0-9118-BEEDB6CA2AFC}.Debug|Any CPU.ActiveCfg = Debug|Any CPU
		{90DDCE9E-567E-49F0-9118-BEEDB6CA2AFC}.Debug|Any CPU.Build.0 = Debug|Any CPU
		{90DDCE9E-567E-49F0-9118-BEEDB6CA2AFC}.Release|Any CPU.ActiveCfg = Release|Any CPU
		{90DDCE9E-567E-49F0-9118-BEEDB6CA2AFC}.Release|Any CPU.Build.0 = Release|Any CPU
		{73215312-3C63-423F-82EA-6E1195F48474}.Debug|Any CPU.ActiveCfg = Debug|Any CPU
		{73215312-3C63-423F-82EA-6E1195F48474}.Debug|Any CPU.Build.0 = Debug|Any CPU
		{73215312-3C63-423F-82EA-6E1195F48474}.Release|Any CPU.ActiveCfg = Release|Any CPU
		{73215312-3C63-423F-82EA-6E1195F48474}.Release|Any CPU.Build.0 = Release|Any CPU
		{42F31A58-6868-45FF-9E4F-42C5F7355CCC}.Debug|Any CPU.ActiveCfg = Debug|Any CPU
		{42F31A58-6868-45FF-9E4F-42C5F7355CCC}.Debug|Any CPU.Build.0 = Debug|Any CPU
		{42F31A58-6868-45FF-9E4F-42C5F7355CCC}.Release|Any CPU.ActiveCfg = Release|Any CPU
		{42F31A58-6868-45FF-9E4F-42C5F7355CCC}.Release|Any CPU.Build.0 = Release|Any CPU
		{84EB10E1-91BD-4A4F-A7C0-C3C3D2FF1A75}.Debug|Any CPU.ActiveCfg = Debug|Any CPU
		{84EB10E1-91BD-4A4F-A7C0-C3C3D2FF1A75}.Debug|Any CPU.Build.0 = Debug|Any CPU
		{84EB10E1-91BD-4A4F-A7C0-C3C3D2FF1A75}.Release|Any CPU.ActiveCfg = Release|Any CPU
		{84EB10E1-91BD-4A4F-A7C0-C3C3D2FF1A75}.Release|Any CPU.Build.0 = Release|Any CPU
		{4D405885-EB4F-4D76-94D7-DA6088FAEF26}.Debug|Any CPU.ActiveCfg = Debug|Any CPU
		{4D405885-EB4F-4D76-94D7-DA6088FAEF26}.Debug|Any CPU.Build.0 = Debug|Any CPU
		{4D405885-EB4F-4D76-94D7-DA6088FAEF26}.Release|Any CPU.ActiveCfg = Release|Any CPU
		{4D405885-EB4F-4D76-94D7-DA6088FAEF26}.Release|Any CPU.Build.0 = Release|Any CPU
		{22DB2848-9B53-4CD0-ABBF-72EC20623E19}.Debug|Any CPU.ActiveCfg = Debug|Any CPU
		{22DB2848-9B53-4CD0-ABBF-72EC20623E19}.Debug|Any CPU.Build.0 = Debug|Any CPU
		{22DB2848-9B53-4CD0-ABBF-72EC20623E19}.Release|Any CPU.ActiveCfg = Release|Any CPU
		{22DB2848-9B53-4CD0-ABBF-72EC20623E19}.Release|Any CPU.Build.0 = Release|Any CPU
	EndGlobalSection
	GlobalSection(SolutionProperties) = preSolution
		HideSolutionNode = FALSE
	EndGlobalSection
	GlobalSection(NestedProjects) = preSolution
		{A8AC928D-A62B-4D7B-AD22-6AA6AA86AA25} = {4D6DEA76-4427-4B43-A7FB-5D7DD6291026}
		{5583EBC6-CB75-4F1E-857C-6FB68E13B62E} = {4D6DEA76-4427-4B43-A7FB-5D7DD6291026}
		{55C02770-6E13-46AD-BB9A-99A5FE21FDC6} = {4D6DEA76-4427-4B43-A7FB-5D7DD6291026}
		{DD4927D4-DA40-475E-9439-5C932A43D7E5} = {817AC458-E847-4772-A06A-948E35EE22C4}
		{6FA9E17A-F809-4E7E-B488-0488B59E4866} = {817AC458-E847-4772-A06A-948E35EE22C4}
		{B8FF1AAF-8292-4718-A9CE-32F1B2D47C11} = {817AC458-E847-4772-A06A-948E35EE22C4}
		{8D6AC080-51BA-480D-A40D-A1BC40FC7DB2} = {65C2FD5C-D877-4AAC-A09E-131BF517FE8D}
		{923DC303-9B47-4A68-A6D6-05774341EE4A} = {65C2FD5C-D877-4AAC-A09E-131BF517FE8D}
		{84E105A8-B702-4C86-BC66-550FFCCCFF3C} = {65C2FD5C-D877-4AAC-A09E-131BF517FE8D}
		{EB187391-B1DE-4DFE-AC90-C7FDE5855A99} = {617B89EE-28A7-441F-8D11-35B3E82EBCF7}
		{36602DB7-805D-4351-A1D5-6D3D4F63FD39} = {617B89EE-28A7-441F-8D11-35B3E82EBCF7}
		{B1CA077F-2EEE-4DC9-99DB-F1E0B55375E0} = {617B89EE-28A7-441F-8D11-35B3E82EBCF7}
		{90DDCE9E-567E-49F0-9118-BEEDB6CA2AFC} = {CF192A3A-990B-4C5C-9E7B-A495DC029504}
		{73215312-3C63-423F-82EA-6E1195F48474} = {CF192A3A-990B-4C5C-9E7B-A495DC029504}
		{42F31A58-6868-45FF-9E4F-42C5F7355CCC} = {CF192A3A-990B-4C5C-9E7B-A495DC029504}
		{84EB10E1-91BD-4A4F-A7C0-C3C3D2FF1A75} = {5D4DC5BF-12BD-497B-91AB-FEC19AED23B1}
		{4D405885-EB4F-4D76-94D7-DA6088FAEF26} = {5D4DC5BF-12BD-497B-91AB-FEC19AED23B1}
		{22DB2848-9B53-4CD0-ABBF-72EC20623E19} = {5D4DC5BF-12BD-497B-91AB-FEC19AED23B1}
	EndGlobalSection
	GlobalSection(ExtensibilityGlobals) = postSolution
		SolutionGuid = {3352A1B4-5CC1-42B5-ACFA-7FD44424CBA6}
	EndGlobalSection
EndGlobal
